Microsoft Visual Studio Solution File, Format Version 12.00
# Visual Studio Version 17
VisualStudioVersion = 17.5.2.0
MinimumVisualStudioVersion = 10.0.40219.1
Project("{FAE04EC0-301F-11D3-BF4B-00C04F79EFBC}") = "01.intro", "01.intro\01.intro.csproj", "{8C3BAC66-5CA1-074B-5B6B-814428C6B315}"
EndProject
Global
	GlobalSection(SolutionConfigurationPlatforms) = preSolution
		Debug|Any CPU = Debug|Any CPU
		Release|Any CPU = Release|Any CPU
	EndGlobalSection
	GlobalSection(ProjectConfigurationPlatforms) = postSolution
		{8C3BAC66-5CA1-074B-5B6B-814428C6B315}.Debug|Any CPU.ActiveCfg = Debug|Any CPU
		{8C3BAC66-5CA1-074B-5B6B-814428C6B315}.Debug|Any CPU.Build.0 = Debug|Any CPU
		{8C3BAC66-5CA1-074B-5B6B-814428C6B315}.Release|Any CPU.ActiveCfg = Release|Any CPU
		{8C3BAC66-5CA1-074B-5B6B-814428C6B315}.Release|Any CPU.Build.0 = Release|Any CPU
	EndGlobalSection
	GlobalSection(SolutionProperties) = preSolution
		HideSolutionNode = FALSE
	EndGlobalSection
	GlobalSection(ExtensibilityGlobals) = postSolution
		SolutionGuid = {63B6DBA5-CBF3-440C-827E-A5D249D274D7}
	EndGlobalSection
EndGlobal
